version = 1
requires-python = ">=3.11"

[[package]]
name = "appscript"
version = "1.3.0"
source = { registry = "https://pypi.org/simple" }
dependencies = [
    { name = "lxml" },
]
sdist = { url = "https://files.pythonhosted.org/packages/a3/84/5c0aec149c6a002d46af17e3d2c5efbe5e8258ef7574cfc17cd1b26c726e/appscript-1.3.0.tar.gz", hash = "sha256:80943118bc97f9f78a8aa55f85565752ed4d82c7893427d7d9ebfdf401c12b2c", size = 295205 }
wheels = [
    { url = "https://files.pythonhosted.org/packages/99/64/db8dddd3c561fe5085e5b3a60419bfb560f07e1ca0dc1c7027cbaa5fb582/appscript-1.3.0-cp311-cp311-macosx_10_9_universal2.whl", hash = "sha256:76a3507b27c78bf79af83a5f6fac49664b53d530d75632c023e53df1bd350caf", size = 99353 },
    { url = "https://files.pythonhosted.org/packages/40/ee/4e0dee488d3dd35aab03c2f6ecb6dc0161fad200077cca68afe041079d2b/appscript-1.3.0-cp311-cp311-macosx_10_9_x86_64.whl", hash = "sha256:94ca097d672de5b8cfc82b4179b00cabd21588dbfd939347cf14a9e81955b2d5", size = 85401 },
    { url = "https://files.pythonhosted.org/packages/b8/e2/05fd221bea1d309211569130a1a8f0966eb56394e46df068a69df0f29d61/appscript-1.3.0-cp312-cp312-macosx_10_13_universal2.whl", hash = "sha256:c0b5c160908de728072d4a0ae57f286608c5d7692bfccbc6eadde868aac2742b", size = 99575 },
    { url = "https://files.pythonhosted.org/packages/df/2f/3ee4190ce97b0b39df58184210d3baaa5fe59ae0972e63c2c85f122ca887/appscript-1.3.0-cp312-cp312-macosx_10_13_x86_64.whl", hash = "sha256:d2a287b81030c81017127d4fb1c24729623576c50d2ff41694476b9af3ce0a97", size = 85496 },
    { url = "https://files.pythonhosted.org/packages/92/5a/3b642e3e904fb37d45e40bb07b4362979160bdecb0d37aa74f2506b1a47e/appscript-1.3.0-cp313-cp313-macosx_10_13_universal2.whl", hash = "sha256:13094640e2694b888827d4e133f33dad1e08c9d7102b447c3cc8a73246fdab40", size = 99574 },
    { url = "https://files.pythonhosted.org/packages/5c/bc/d8558bec737e02a9c404fb3b985b8636c313bb65a176375d551cb839e876/appscript-1.3.0-cp313-cp313-macosx_10_13_x86_64.whl", hash = "sha256:e7b4760105810e9b1ecd5b40aba7617e0a047346fb94ee4370e9d37e4383b78d", size = 85503 },
]

[[package]]
name = "colorama"
version = "0.4.6"
source = { registry = "https://pypi.org/simple" }
sdist = { url = "https://files.pythonhosted.org/packages/d8/53/6f443c9a4a8358a93a6792e2acffb9d9d5cb0a5cfd8802644b7b1c9a02e4/colorama-0.4.6.tar.gz", hash = "sha256:08695f5cb7ed6e0531a20572697297273c47b8cae5a63ffc6d6ed5c201be6e44", size = 27697 }
wheels = [
    { url = "https://files.pythonhosted.org/packages/d1/d6/3965ed04c63042e047cb6a3e6ed1a63a35087b6a609aa3a15ed8ac56c221/colorama-0.4.6-py2.py3-none-any.whl", hash = "sha256:4f1d9991f5acc0ca119f9d443620b77f9d6b33703e51011c16baf57afb285fc6", size = 25335 },
]

[[package]]
name = "iniconfig"
version = "2.1.0"
source = { registry = "https://pypi.org/simple" }
sdist = { url = "https://files.pythonhosted.org/packages/f2/97/ebf4da567aa6827c909642694d71c9fcf53e5b504f2d96afea02718862f3/iniconfig-2.1.0.tar.gz", hash = "sha256:3abbd2e30b36733fee78f9c7f7308f2d0050e88f0087fd25c2645f63c773e1c7", size = 4793 }
wheels = [
    { url = "https://files.pythonhosted.org/packages/2c/e1/e6716421ea10d38022b952c159d5161ca1193197fb744506875fbb87ea7b/iniconfig-2.1.0-py3-none-any.whl", hash = "sha256:9deba5723312380e77435581c6bf4935c94cbfab9b1ed33ef8d238ea168eb760", size = 6050 },
]

[[package]]
name = "lxml"
version = "6.0.1"
source = { registry = "https://pypi.org/simple" }
sdist = { url = "https://files.pythonhosted.org/packages/8f/bd/f9d01fd4132d81c6f43ab01983caea69ec9614b913c290a26738431a015d/lxml-6.0.1.tar.gz", hash = "sha256:2b3a882ebf27dd026df3801a87cf49ff791336e0f94b0fad195db77e01240690", size = 4070214 }
wheels = [
    { url = "https://files.pythonhosted.org/packages/29/c8/262c1d19339ef644cdc9eb5aad2e85bd2d1fa2d7c71cdef3ede1a3eed84d/lxml-6.0.1-cp311-cp311-macosx_10_9_universal2.whl", hash = "sha256:c6acde83f7a3d6399e6d83c1892a06ac9b14ea48332a5fbd55d60b9897b9570a", size = 8422719 },
    { url = "https://files.pythonhosted.org/packages/e5/d4/1b0afbeb801468a310642c3a6f6704e53c38a4a6eb1ca6faea013333e02f/lxml-6.0.1-cp311-cp311-macosx_10_9_x86_64.whl", hash = "sha256:0d21c9cacb6a889cbb8eeb46c77ef2c1dd529cde10443fdeb1de847b3193c541", size = 4575763 },
    { url = "https://files.pythonhosted.org/packages/b0/a9/82b244c8198fcdf709532e39a1751943a36b3e800b420adc739d751e0299/lxml-6.0.1-cp312-cp312-macosx_10_13_universal2.whl", hash = "sha256:c03ac546adaabbe0b8e4a15d9ad815a281afc8d36249c246aecf1aaad7d6f200", size = 8422788 },
    { url = "https://files.pythonhosted.org/packages/c9/8d/1ed2bc20281b0e7ed3e6c12b0a16e64ae2065d99be075be119ba88486e6d/lxml-6.0.1-cp312-cp312-macosx_10_13_x86_64.whl", hash = "sha256:33b862c7e3bbeb4ba2c96f3a039f925c640eeba9087a4dc7a572ec0f19d89392", size = 4593547 },
    { url = "https://files.pythonhosted.org/packages/43/c4/cd757eeec4548e6652eff50b944079d18ce5f8182d2b2cf514e125e8fbcb/lxml-6.0.1-cp313-cp313-macosx_10_13_universal2.whl", hash = "sha256:485eda5d81bb7358db96a83546949c5fe7474bec6c68ef3fa1fb61a584b00eea", size = 8405139 },
    { url = "https://files.pythonhosted.org/packages/ff/99/0290bb86a7403893f5e9658490c705fcea103b9191f2039752b071b4ef07/lxml-6.0.1-cp313-cp313-macosx_10_13_x86_64.whl", hash = "sha256:d12160adea318ce3d118f0b4fbdff7d1225c75fb7749429541b4d217b85c3f76", size = 4585954 },
    { url = "https://files.pythonhosted.org/packages/38/e3/b7eb612ce07abe766918a7e581ec6a0e5212352194001fd287c3ace945f0/lxml-6.0.1-cp314-cp314-macosx_10_13_universal2.whl", hash = "sha256:29b0e849ec7030e3ecb6112564c9f7ad6881e3b2375dd4a0c486c5c1f3a33859", size = 8426160 },
    { url = "https://files.pythonhosted.org/packages/35/8f/ab3639a33595cf284fe733c6526da2ca3afbc5fd7f244ae67f3303cec654/lxml-6.0.1-cp314-cp314-macosx_10_13_x86_64.whl", hash = "sha256:02a0f7e629f73cc0be598c8b0611bf28ec3b948c549578a26111b01307fd4051", size = 4589288 },
    { url = "https://files.pythonhosted.org/packages/41/37/41961f53f83ded57b37e65e4f47d1c6c6ef5fd02cb1d6ffe028ba0efa7d4/lxml-6.0.1-pp311-pypy311_pp73-macosx_10_15_x86_64.whl", hash = "sha256:b556aaa6ef393e989dac694b9c95761e32e058d5c4c11ddeef33f790518f7a5e", size = 3903412 },
]

[[package]]
name = "packaging"
version = "25.0"
source = { registry = "https://pypi.org/simple" }
sdist = { url = "https://files.pythonhosted.org/packages/a1/d4/1fc4078c65507b51b96ca8f8c3ba19e6a61c8253c72794544580a7b6c24d/packaging-25.0.tar.gz", hash = "sha256:d443872c98d677bf60f6a1f2f8c1cb748e8fe762d2bf9d3148b5599295b0fc4f", size = 165727 }
wheels = [
    { url = "https://files.pythonhosted.org/packages/20/12/38679034af332785aac8774540895e234f4d07f7545804097de4b666afd8/packaging-25.0-py3-none-any.whl", hash = "sha256:29572ef2b1f17581046b3a2227d5c611fb25ec70ca1ba8554b24b0e69331a484", size = 66469 },
]

[[package]]
name = "pluggy"
version = "1.6.0"
source = { registry = "https://pypi.org/simple" }
sdist = { url = "https://files.pythonhosted.org/packages/f9/e2/3e91f31a7d2b083fe6ef3fa267035b518369d9511ffab804f839851d2779/pluggy-1.6.0.tar.gz", hash = "sha256:7dcc130b76258d33b90f61b658791dede3486c3e6bfb003ee5c9bfb396dd22f3", size = 69412 }
wheels = [
    { url = "https://files.pythonhosted.org/packages/54/20/4d324d65cc6d9205fabedc306948156824eb9f0ee1633355a8f7ec5c66bf/pluggy-1.6.0-py3-none-any.whl", hash = "sha256:e920276dd6813095e9377c0bc5566d94c932c33b27a3e3945d8389c374dd4746", size = 20538 },
]

[[package]]
name = "psutil"
version = "7.0.0"
source = { registry = "https://pypi.org/simple" }
sdist = { url = "https://files.pythonhosted.org/packages/2a/80/336820c1ad9286a4ded7e845b2eccfcb27851ab8ac6abece774a6ff4d3de/psutil-7.0.0.tar.gz", hash = "sha256:7be9c3eba38beccb6495ea33afd982a44074b78f28c434a1f51cc07fd315c456", size = 497003 }
wheels = [
    { url = "https://files.pythonhosted.org/packages/ed/e6/2d26234410f8b8abdbf891c9da62bee396583f713fb9f3325a4760875d22/psutil-7.0.0-cp36-abi3-macosx_10_9_x86_64.whl", hash = "sha256:101d71dc322e3cffd7cea0650b09b3d08b8e7c4109dd6809fe452dfd00e58b25", size = 238051 },
    { url = "https://files.pythonhosted.org/packages/04/8b/30f930733afe425e3cbfc0e1468a30a18942350c1a8816acfade80c005c4/psutil-7.0.0-cp36-abi3-macosx_11_0_arm64.whl", hash = "sha256:39db632f6bb862eeccf56660871433e111b6ea58f2caea825571951d4b6aa3da", size = 239535 },
]

[[package]]
name = "pygments"
version = "2.19.2"
source = { registry = "https://pypi.org/simple" }
sdist = { url = "https://files.pythonhosted.org/packages/b0/77/a5b8c569bf593b0140bde72ea885a803b82086995367bf2037de0159d924/pygments-2.19.2.tar.gz", hash = "sha256:636cb2477cec7f8952536970bc533bc43743542f70392ae026374600add5b887", size = 4968631 }
wheels = [
    { url = "https://files.pythonhosted.org/packages/c7/21/705964c7812476f378728bdf590ca4b771ec72385c533964653c68e86bdc/pygments-2.19.2-py3-none-any.whl", hash = "sha256:86540386c03d588bb81d44bc3928634ff26449851e99741617ecb9037ee5ec0b", size = 1225217 },
]

[[package]]
name = "pytest"
version = "8.4.2"
source = { registry = "https://pypi.org/simple" }
dependencies = [
    { name = "colorama", marker = "sys_platform == 'win32'" },
    { name = "iniconfig" },
    { name = "packaging" },
    { name = "pluggy" },
    { name = "pygments" },
]
sdist = { url = "https://files.pythonhosted.org/packages/a3/5c/00a0e072241553e1a7496d638deababa67c5058571567b92a7eaa258397c/pytest-8.4.2.tar.gz", hash = "sha256:86c0d0b93306b961d58d62a4db4879f27fe25513d4b969df351abdddb3c30e01", size = 1519618 }
wheels = [
    { url = "https://files.pythonhosted.org/packages/a8/a4/20da314d277121d6534b3a980b29035dcd51e6744bd79075a6ce8fa4eb8d/pytest-8.4.2-py3-none-any.whl", hash = "sha256:872f880de3fc3a5bdc88a11b39c9710c3497a547cfa9320bc3c5e62fbf272e79", size = 365750 },
]

[[package]]
name = "pywin32"
version = "311"
source = { registry = "https://pypi.org/simple" }
wheels = [
    { url = "https://files.pythonhosted.org/packages/7c/af/449a6a91e5d6db51420875c54f6aff7c97a86a3b13a0b4f1a5c13b988de3/pywin32-311-cp311-cp311-win32.whl", hash = "sha256:184eb5e436dea364dcd3d2316d577d625c0351bf237c4e9a5fabbcfa5a58b151", size = 8697031 },
    { url = "https://files.pythonhosted.org/packages/51/8f/9bb81dd5bb77d22243d33c8397f09377056d5c687aa6d4042bea7fbf8364/pywin32-311-cp311-cp311-win_amd64.whl", hash = "sha256:3ce80b34b22b17ccbd937a6e78e7225d80c52f5ab9940fe0506a1a16f3dab503", size = 9508308 },
    { url = "https://files.pythonhosted.org/packages/44/7b/9c2ab54f74a138c491aba1b1cd0795ba61f144c711daea84a88b63dc0f6c/pywin32-311-cp311-cp311-win_arm64.whl", hash = "sha256:a733f1388e1a842abb67ffa8e7aad0e70ac519e09b0f6a784e65a136ec7cefd2", size = 8703930 },
    { url = "https://files.pythonhosted.org/packages/e7/ab/01ea1943d4eba0f850c3c61e78e8dd59757ff815ff3ccd0a84de5f541f42/pywin32-311-cp312-cp312-win32.whl", hash = "sha256:750ec6e621af2b948540032557b10a2d43b0cee2ae9758c54154d711cc852d31", size = 8706543 },
    { url = "https://files.pythonhosted.org/packages/d1/a8/a0e8d07d4d051ec7502cd58b291ec98dcc0c3fff027caad0470b72cfcc2f/pywin32-311-cp312-cp312-win_amd64.whl", hash = "sha256:b8c095edad5c211ff31c05223658e71bf7116daa0ecf3ad85f3201ea3190d067", size = 9495040 },
    { url = "https://files.pythonhosted.org/packages/ba/3a/2ae996277b4b50f17d61f0603efd8253cb2d79cc7ae159468007b586396d/pywin32-311-cp312-cp312-win_arm64.whl", hash = "sha256:e286f46a9a39c4a18b319c28f59b61de793654af2f395c102b4f819e584b5852", size = 8710102 },
    { url = "https://files.pythonhosted.org/packages/a5/be/3fd5de0979fcb3994bfee0d65ed8ca9506a8a1260651b86174f6a86f52b3/pywin32-311-cp313-cp313-win32.whl", hash = "sha256:f95ba5a847cba10dd8c4d8fefa9f2a6cf283b8b88ed6178fa8a6c1ab16054d0d", size = 8705700 },
    { url = "https://files.pythonhosted.org/packages/e3/28/e0a1909523c6890208295a29e05c2adb2126364e289826c0a8bc7297bd5c/pywin32-311-cp313-cp313-win_amd64.whl", hash = "sha256:718a38f7e5b058e76aee1c56ddd06908116d35147e133427e59a3983f703a20d", size = 9494700 },
    { url = "https://files.pythonhosted.org/packages/04/bf/90339ac0f55726dce7d794e6d79a18a91265bdf3aa70b6b9ca52f35e022a/pywin32-311-cp313-cp313-win_arm64.whl", hash = "sha256:7b4075d959648406202d92a2310cb990fea19b535c7f4a78d3f5e10b926eeb8a", size = 8709318 },
    { url = "https://files.pythonhosted.org/packages/c9/31/097f2e132c4f16d99a22bfb777e0fd88bd8e1c634304e102f313af69ace5/pywin32-311-cp314-cp314-win32.whl", hash = "sha256:b7a2c10b93f8986666d0c803ee19b5990885872a7de910fc460f9b0c2fbf92ee", size = 8840714 },
    { url = "https://files.pythonhosted.org/packages/90/4b/07c77d8ba0e01349358082713400435347df8426208171ce297da32c313d/pywin32-311-cp314-cp314-win_amd64.whl", hash = "sha256:3aca44c046bd2ed8c90de9cb8427f581c479e594e99b5c0bb19b29c10fd6cb87", size = 9656800 },
    { url = "https://files.pythonhosted.org/packages/c0/d2/21af5c535501a7233e734b8af901574572da66fcc254cb35d0609c9080dd/pywin32-311-cp314-cp314-win_arm64.whl", hash = "sha256:a508e2d9025764a8270f93111a970e1d0fbfc33f4153b388bb649b7eec4f9b42", size = 8932540 },
]

[[package]]
name = "xl-engine"
version = "0.1.0"
source = { editable = "." }
dependencies = [
    { name = "xlwings" },
]

[package.dev-dependencies]
dev = [
    { name = "pytest" },
]

[package.metadata]
requires-dist = [{ name = "xlwings", specifier = ">=0.33.15" }]

[package.metadata.requires-dev]
dev = [{ name = "pytest", specifier = ">=8.4.2" }]

[[package]]
name = "xlwings"
version = "0.33.15"
source = { registry = "https://pypi.org/simple" }
dependencies = [
    { name = "appscript", marker = "platform_system == 'Darwin'" },
    { name = "psutil", marker = "platform_system == 'Darwin'" },
    { name = "pywin32", marker = "platform_system == 'Windows'" },
]
sdist = { url = "https://files.pythonhosted.org/packages/ba/02/15d3d2f5c1ad526a925fe0549a7f0ae35e19ca9cfecf94e61b0891ce5e3d/xlwings-0.33.15.tar.gz", hash = "sha256:c3fdeda516d87cfda0316daf3b97b49e31bde577007cefb6b6a245850546daa6", size = 15703229 }
wheels = [
    { url = "https://files.pythonhosted.org/packages/a2/9b/bb78e27caf5498b93abaf2cc76c5c7b61295428e4d5cfb36b7b694d8b426/xlwings-0.33.15-cp311-cp311-macosx_10_12_x86_64.whl", hash = "sha256:15688697f6629f440437de8714c8e1879dafa5b0f520e230552a42015a354696", size = 1418078 },
    { url = "https://files.pythonhosted.org/packages/44/6e/ead991622001f8a15d9cdac9b512217970a8b576bfd95d4c27afedd386d9/xlwings-0.33.15-cp311-cp311-macosx_11_0_arm64.whl", hash = "sha256:dd42290d28c2cde38eda7d0f0b2cf3831d0185e84a1496f3c980d7cefe9ff9f5", size = 1405205 },
    { url = "https://files.pythonhosted.org/packages/37/f8/3045a08d76e06ea29dc7041c31e51dd33de79692b4379f1845d1e739b990/xlwings-0.33.15-cp311-cp311-manylinux_2_17_aarch64.manylinux2014_aarch64.whl", hash = "sha256:03cf4c0f36526fb7bba20992673a0e85eb37a473bde95ba1ff431aefc1c9b0ff", size = 1459897 },
    { url = "https://files.pythonhosted.org/packages/9e/2d/ac22a8fa4c739f25c9ebe54d9c4fa56ad28924f2b95e813ccf87c8daee22/xlwings-0.33.15-cp311-cp311-manylinux_2_17_armv7l.manylinux2014_armv7l.whl", hash = "sha256:11bcc3f08f2f02233ea3ffba35bda60eb06d1cab69501c8d798d6cb9f9dd13b5", size = 1465943 },
    { url = "https://files.pythonhosted.org/packages/1c/11/76f3a3cd1104253a7bb14078593d7bcc70440b9782d05d6cd52a55919cf9/xlwings-0.33.15-cp311-cp311-manylinux_2_17_x86_64.manylinux2014_x86_64.whl", hash = "sha256:23718313e09795c33e0017fabf7231269010bbb3000f9e7f8fcf652ed8fcd947", size = 1466995 },
    { url = "https://files.pythonhosted.org/packages/70/8a/b3dd1d92ee7bc26944da8dfcccfd70dc853ed87bd635966cb914b02fff8d/xlwings-0.33.15-cp311-cp311-musllinux_1_1_aarch64.whl", hash = "sha256:c3ab8d283baaf0f94108f52b0f9015b2d2ced5be7718ae7ba3a5ef07914571c2", size = 1639614 },
    { url = "https://files.pythonhosted.org/packages/f5/a3/c23ab8c7901aed92e1545dac4febf706dfa0c834a596d49ff386ebdc736c/xlwings-0.33.15-cp311-cp311-musllinux_1_1_x86_64.whl", hash = "sha256:0b8f7dab8edad099994739bbeecd85d99a698b6296e173dcacf9a2d49790fd8c", size = 1638628 },
    { url = "https://files.pythonhosted.org/packages/af/41/c4dc6dd98004733cc82eec9d6b6c2ddde82bc5db48cdcd78b4e4c14cbf09/xlwings-0.33.15-cp311-cp311-win_amd64.whl", hash = "sha256:936fd7098ba38cab641fbef126da6e0a3f598988c47d69ecbd39c34afd83265e", size = 1631581 },
    { url = "https://files.pythonhosted.org/packages/2d/c0/633e07076326d9d3c815082354b8c2ec0088aff671f213aa444e40429c23/xlwings-0.33.15-cp312-cp312-macosx_10_12_x86_64.whl", hash = "sha256:9706811cd15d29ce790e677b021e6c7b448c44d63ef51d2b6dd51d102cfa4b59", size = 1415275 },
    { url = "https://files.pythonhosted.org/packages/25/83/f61207ebc83218a153d3a94c97708ae32a769e5131fee17c6e1bc9f26d35/xlwings-0.33.15-cp312-cp312-macosx_11_0_arm64.whl", hash = "sha256:dbed48fabbea5bd7dc00d72a0179b880508800536a8475c168217f136d51cb97", size = 1401706 },
    { url = "https://files.pythonhosted.org/packages/06/59/1bf52467bde675bdcc3f985658514b4a9f3349e141d95d5f5f52f5e164c6/xlwings-0.33.15-cp312-cp312-manylinux_2_17_aarch64.manylinux2014_aarch64.whl", hash = "sha256:e184e62ae1fc43fb82bf34b3581cce95fc73258054e9b77fb70d480390ee5dea", size = 1459411 },
    { url = "https://files.pythonhosted.org/packages/39/b5/57f747ac77964d3e00293cb131634939060e784c5e38f1ee8d06e264286a/xlwings-0.33.15-cp312-cp312-manylinux_2_17_armv7l.manylinux2014_armv7l.whl", hash = "sha256:82a9bb695e34214a372e2cd69f7575b56df5cccd82ce5725a9044388ab0a2e79", size = 1464965 },
    { url = "https://files.pythonhosted.org/packages/05/bf/f472e82439c2b0b8f0428598fcf6873425affb35140e0713efce64603b2b/xlwings-0.33.15-cp312-cp312-manylinux_2_17_x86_64.manylinux2014_x86_64.whl", hash = "sha256:e59893d47ce5260a1481d6f3847c64f9b66097e43e30ecbec59ad2ac8dea50cf", size = 1466261 },
    { url = "https://files.pythonhosted.org/packages/cf/58/a021494c0c84cbba73cf6778ebf9ae872d3ee3554c6be7c02c5727110de7/xlwings-0.33.15-cp312-cp312-musllinux_1_1_aarch64.whl", hash = "sha256:3e5b9aef017855014cdd370d39e93955242ebba9ede10c5068d4f9f7d82dfd87", size = 1638714 },
    { url = "https://files.pythonhosted.org/packages/01/91/37fbd1cacb0b7a179708423aa2cf7d2a6240a41e46f5e328672f6890b714/xlwings-0.33.15-cp312-cp312-musllinux_1_1_x86_64.whl", hash = "sha256:dfa839518f310349637e6046196b8a320a1538ec090aaf52ca8198807954d148", size = 1637551 },
    { url = "https://files.pythonhosted.org/packages/0f/e8/4079b6c57555376d58e25979e0f6a33751fb59034b64ccf7cb2a7d2e0732/xlwings-0.33.15-cp312-cp312-win_amd64.whl", hash = "sha256:a3caf75015b4009667255df9dba9fcacc150b175de57a14ba95aa77ed6a082b6", size = 1630875 },
    { url = "https://files.pythonhosted.org/packages/b9/dd/c45acbe75fae1ec825e0da8e00d320398f960343927ec7eb6020254b51e8/xlwings-0.33.15-cp313-cp313-macosx_10_12_x86_64.whl", hash = "sha256:6042c620283325c80ba1341e59c1d128291df0bf4b8cb0b8e77d6ab9ac4fa5ee", size = 1414871 },
    { url = "https://files.pythonhosted.org/packages/63/19/0d4c458c0d2f7124849fd06acc5ce6010090280dbf0f99a36845b5901238/xlwings-0.33.15-cp313-cp313-macosx_11_0_arm64.whl", hash = "sha256:48aba2431f7b470e838fac6d79e8a030cf98939e48b127e248ea79a5f21bb4e9", size = 1401453 },
    { url = "https://files.pythonhosted.org/packages/ef/6b/9556746939f655d51d60d4ccfd04502d8460d0e872220c3df6bcd41d14c8/xlwings-0.33.15-cp313-cp313-manylinux_2_17_aarch64.manylinux2014_aarch64.whl", hash = "sha256:a81589fcabe92bf5a79aa7fc01221074b6c50e5a8b69a27e8fc28df365bd398b", size = 1459079 },
    { url = "https://files.pythonhosted.org/packages/29/c6/fad054ed257f8a12e34ded0f629c413d1d52bd95d17cd0ab2560364622a4/xlwings-0.33.15-cp313-cp313-manylinux_2_17_armv7l.manylinux2014_armv7l.whl", hash = "sha256:106b0e33a8e2459c3cd76e3bba5f938876dc75c8a03aadd2f226ce3c6f9fe95b", size = 1464481 },
    { url = "https://files.pythonhosted.org/packages/ed/32/7ba3cdb4d9c6df4657f160900ed609e7be718417ca24ff18fa40d97350e2/xlwings-0.33.15-cp313-cp313-manylinux_2_17_x86_64.manylinux2014_x86_64.whl", hash = "sha256:aea8fdfbf340d68b0c1f96abf6cd5688cb0d243df0893627a6c66283babda365", size = 1466001 },
    { url = "https://files.pythonhosted.org/packages/d6/ee/85b28c143da1834215b5f0b0525c5d99fd01f0096f027e8f97d163c825d9/xlwings-0.33.15-cp313-cp313-musllinux_1_1_aarch64.whl", hash = "sha256:09c0090ae5ac42845430c1370d4798a882bbfdae6e36186918824b3b392da5d9", size = 1638238 },
    { url = "https://files.pythonhosted.org/packages/43/8a/78275c61601b682ec69db0ec7c05e1b1043da729017c5a1ac2769787df81/xlwings-0.33.15-cp313-cp313-musllinux_1_1_x86_64.whl", hash = "sha256:390b9753040a44db35eb473cf818ae57145c49a9e7e5cb02c9fd750bdf3da583", size = 1637256 },
    { url = "https://files.pythonhosted.org/packages/76/43/ed764fab5455676138578d6905c59674acf7f45eed3d451e8faf48c7c4b5/xlwings-0.33.15-cp313-cp313-win_amd64.whl", hash = "sha256:75b0dba6fea351421be00afcb00e218d7370c3e62c92c8207db2ca95500f5589", size = 1630573 },
    { url = "https://files.pythonhosted.org/packages/db/5f/7a1cbfe8ff468efdcb6222ebb46ec606a209740b6d680f78ca2fa2114909/xlwings-0.33.15-py3-none-any.whl", hash = "sha256:84f1bf30bbb3f28dfab7140667cd1575efa016969a8a37e56a0cd7d77ee152e4", size = 732584 },
]
